
Microsoft Visual Studio Solution File, Format Version 12.00
# Visual Studio Version 17
VisualStudioVersion = 17.10.34928.147
MinimumVisualStudioVersion = 10.0.40219.1
Project("{FAE04EC0-301F-11D3-BF4B-00C04F79EFBC}") = "LoadTesting", "LoadTesting.csproj", "{AD6BBFB7-3603-4BF6-8584-2128699A7FFE}"
EndProject
Global
	GlobalSection(SolutionConfigurationPlatforms) = preSolution
		Debug|Any CPU = Debug|Any CPU
		Release|Any CPU = Release|Any CPU
	EndGlobalSection
	GlobalSection(ProjectConfigurationPlatforms) = postSolution
		{AD6BBFB7-3603-4BF6-8584-2128699A7FFE}.Debug|Any CPU.ActiveCfg = Debug|Any CPU
		{AD6BBFB7-3603-4BF6-8584-2128699A7FFE}.Debug|Any CPU.Build.0 = Debug|Any CPU
		{AD6BBFB7-3603-4BF6-8584-2128699A7FFE}.Release|Any CPU.ActiveCfg = Release|Any CPU
		{AD6BBFB7-3603-4BF6-8584-2128699A7FFE}.Release|Any CPU.Build.0 = Release|Any CPU
	EndGlobalSection
	GlobalSection(SolutionProperties) = preSolution
		HideSolutionNode = FALSE
	EndGlobalSection
	GlobalSection(ExtensibilityGlobals) = postSolution
		SolutionGuid = {A544F7AA-992B-42F2-9250-1F95EBF2BA5D}
	EndGlobalSection
EndGlobal
